// !$*UTF8*$!
{
	archiveVersion = 1;
	classes = {
	};
	objectVersion = 46;
	objects = {

/* Begin PBXBuildFile section */
		517924911CA12443004BC7D5 /* JSZActivityViewController.swift in Sources */ = {isa = PBXBuildFile; fileRef = 517924901CA12443004BC7D5 /* JSZActivityViewController.swift */; };
		51AFED3E1C9E4BAE00AF6670 /* AppDelegate.swift in Sources */ = {isa = PBXBuildFile; fileRef = 51AFED3D1C9E4BAE00AF6670 /* AppDelegate.swift */; };
		51AFED401C9E4BAE00AF6670 /* ViewController.swift in Sources */ = {isa = PBXBuildFile; fileRef = 51AFED3F1C9E4BAE00AF6670 /* ViewController.swift */; };
		51AFED431C9E4BAE00AF6670 /* Main.storyboard in Resources */ = {isa = PBXBuildFile; fileRef = 51AFED411C9E4BAE00AF6670 /* Main.storyboard */; };
		51AFED451C9E4BAE00AF6670 /* Assets.xcassets in Resources */ = {isa = PBXBuildFile; fileRef = 51AFED441C9E4BAE00AF6670 /* Assets.xcassets */; };
		51AFED481C9E4BAE00AF6670 /* LaunchScreen.storyboard in Resources */ = {isa = PBXBuildFile; fileRef = 51AFED461C9E4BAE00AF6670 /* LaunchScreen.storyboard */; };
		51AFED501C9F29D500AF6670 /* JSZBrowserViewController.swift in Sources */ = {isa = PBXBuildFile; fileRef = 51AFED4F1C9F29D500AF6670 /* JSZBrowserViewController.swift */; };
		51AFED521C9F2A5000AF6670 /* JSZBrowserNavigationBar.swift in Sources */ = {isa = PBXBuildFile; fileRef = 51AFED511C9F2A5000AF6670 /* JSZBrowserNavigationBar.swift */; };
		51AFED541C9F2A6800AF6670 /* JSZBrowserToolbar.swift in Sources */ = {isa = PBXBuildFile; fileRef = 51AFED531C9F2A6800AF6670 /* JSZBrowserToolbar.swift */; };
		51AFED561C9F2AAA00AF6670 /* JSZWebView.swift in Sources */ = {isa = PBXBuildFile; fileRef = 51AFED551C9F2AAA00AF6670 /* JSZWebView.swift */; };
/* End PBXBuildFile section */

/* Begin PBXFileReference section */
		517924901CA12443004BC7D5 /* JSZActivityViewController.swift */ = {isa = PBXFileReference; fileEncoding = 4; lastKnownFileType = sourcecode.swift; path = JSZActivityViewController.swift; sourceTree = "<group>"; };
		51AFED3A1C9E4BAE00AF6670 /* AwakeBrowser.app */ = {isa = PBXFileReference; explicitFileType = wrapper.application; includeInIndex = 0; path = AwakeBrowser.app; sourceTree = BUILT_PRODUCTS_DIR; };
		51AFED3D1C9E4BAE00AF6670 /* AppDelegate.swift */ = {isa = PBXFileReference; lastKnownFileType = sourcecode.swift; path = AppDelegate.swift; sourceTree = "<group>"; };
		51AFED3F1C9E4BAE00AF6670 /* ViewController.swift */ = {isa = PBXFileReference; lastKnownFileType = sourcecode.swift; path = ViewController.swift; sourceTree = "<group>"; };
		51AFED421C9E4BAE00AF6670 /* Base */ = {isa = PBXFileReference; lastKnownFileType = file.storyboard; name = Base; path = Base.lproj/Main.storyboard; sourceTree = "<group>"; };
		51AFED441C9E4BAE00AF6670 /* Assets.xcassets */ = {isa = PBXFileReference; lastKnownFileType = folder.assetcatalog; path = Assets.xcassets; sourceTree = "<group>"; };
		51AFED471C9E4BAE00AF6670 /* Base */ = {isa = PBXFileReference; lastKnownFileType = file.storyboard; name = Base; path = Base.lproj/LaunchScreen.storyboard; sourceTree = "<group>"; };
		51AFED491C9E4BAE00AF6670 /* Info.plist */ = {isa = PBXFileReference; lastKnownFileType = text.plist.xml; path = Info.plist; sourceTree = "<group>"; };
		51AFED4F1C9F29D500AF6670 /* JSZBrowserViewController.swift */ = {isa = PBXFileReference; fileEncoding = 4; lastKnownFileType = sourcecode.swift; path = JSZBrowserViewController.swift; sourceTree = "<group>"; };
		51AFED511C9F2A5000AF6670 /* JSZBrowserNavigationBar.swift */ = {isa = PBXFileReference; fileEncoding = 4; lastKnownFileType = sourcecode.swift; path = JSZBrowserNavigationBar.swift; sourceTree = "<group>"; };
		51AFED531C9F2A6800AF6670 /* JSZBrowserToolbar.swift */ = {isa = PBXFileReference; fileEncoding = 4; lastKnownFileType = sourcecode.swift; path = JSZBrowserToolbar.swift; sourceTree = "<group>"; };
		51AFED551C9F2AAA00AF6670 /* JSZWebView.swift */ = {isa = PBXFileReference; fileEncoding = 4; lastKnownFileType = sourcecode.swift; path = JSZWebView.swift; sourceTree = "<group>"; };
/* End PBXFileReference section */

/* Begin PBXFrameworksBuildPhase section */
		51AFED371C9E4BAE00AF6670 /* Frameworks */ = {
			isa = PBXFrameworksBuildPhase;
			buildActionMask = 2147483647;
			files = (
			);
			runOnlyForDeploymentPostprocessing = 0;
		};
/* End PBXFrameworksBuildPhase section */

/* Begin PBXGroup section */
		51AFED311C9E4BAE00AF6670 = {
			isa = PBXGroup;
			children = (
				51AFED3C1C9E4BAE00AF6670 /* AwakeBrowser */,
				51AFED3B1C9E4BAE00AF6670 /* Products */,
			);
			sourceTree = "<group>";
		};
		51AFED3B1C9E4BAE00AF6670 /* Products */ = {
			isa = PBXGroup;
			children = (
				51AFED3A1C9E4BAE00AF6670 /* AwakeBrowser.app */,
			);
			name = Products;
			sourceTree = "<group>";
		};
		51AFED3C1C9E4BAE00AF6670 /* AwakeBrowser */ = {
			isa = PBXGroup;
			children = (
				51AFED3D1C9E4BAE00AF6670 /* AppDelegate.swift */,
				51AFED3F1C9E4BAE00AF6670 /* ViewController.swift */,
				51AFED4F1C9F29D500AF6670 /* JSZBrowserViewController.swift */,
				517924901CA12443004BC7D5 /* JSZActivityViewController.swift */,
				51AFED511C9F2A5000AF6670 /* JSZBrowserNavigationBar.swift */,
				51AFED531C9F2A6800AF6670 /* JSZBrowserToolbar.swift */,
				51AFED551C9F2AAA00AF6670 /* JSZWebView.swift */,
				51AFED411C9E4BAE00AF6670 /* Main.storyboard */,
				51AFED441C9E4BAE00AF6670 /* Assets.xcassets */,
				51AFED461C9E4BAE00AF6670 /* LaunchScreen.storyboard */,
				51AFED491C9E4BAE00AF6670 /* Info.plist */,
			);
			path = AwakeBrowser;
			sourceTree = "<group>";
		};
/* End PBXGroup section */

/* Begin PBXNativeTarget section */
		51AFED391C9E4BAE00AF6670 /* AwakeBrowser */ = {
			isa = PBXNativeTarget;
			buildConfigurationList = 51AFED4C1C9E4BAE00AF6670 /* Build configuration list for PBXNativeTarget "AwakeBrowser" */;
			buildPhases = (
				51AFED361C9E4BAE00AF6670 /* Sources */,
				51AFED371C9E4BAE00AF6670 /* Frameworks */,
				51AFED381C9E4BAE00AF6670 /* Resources */,
			);
			buildRules = (
			);
			dependencies = (
			);
			name = AwakeBrowser;
			productName = AwakeBrowser;
			productReference = 51AFED3A1C9E4BAE00AF6670 /* AwakeBrowser.app */;
			productType = "com.apple.product-type.application";
		};
/* End PBXNativeTarget section */

/* Begin PBXProject section */
		51AFED321C9E4BAE00AF6670 /* Project object */ = {
			isa = PBXProject;
			attributes = {
				LastSwiftUpdateCheck = 0720;
				LastUpgradeCheck = 0720;
				ORGANIZATIONNAME = "Jordan Zucker";
				TargetAttributes = {
					51AFED391C9E4BAE00AF6670 = {
						CreatedOnToolsVersion = 7.2.1;
					};
				};
			};
			buildConfigurationList = 51AFED351C9E4BAE00AF6670 /* Build configuration list for PBXProject "AwakeBrowser" */;
			compatibilityVersion = "Xcode 3.2";
			developmentRegion = English;
			hasScannedForEncodings = 0;
			knownRegions = (
				en,
				Base,
			);
			mainGroup = 51AFED311C9E4BAE00AF6670;
			productRefGroup = 51AFED3B1C9E4BAE00AF6670 /* Products */;
			projectDirPath = "";
			projectRoot = "";
			targets = (
				51AFED391C9E4BAE00AF6670 /* AwakeBrowser */,
			);
		};
/* End PBXProject section */

/* Begin PBXResourcesBuildPhase section */
		51AFED381C9E4BAE00AF6670 /* Resources */ = {
			isa = PBXResourcesBuildPhase;
			buildActionMask = 2147483647;
			files = (
				51AFED481C9E4BAE00AF6670 /* LaunchScreen.storyboard in Resources */,
				51AFED451C9E4BAE00AF6670 /* Assets.xcassets in Resources */,
				51AFED431C9E4BAE00AF6670 /* Main.storyboard in Resources */,
			);
			runOnlyForDeploymentPostprocessing = 0;
		};
/* End PBXResourcesBuildPhase section */

/* Begin PBXSourcesBuildPhase section */
		51AFED361C9E4BAE00AF6670 /* Sources */ = {
			isa = PBXSourcesBuildPhase;
			buildActionMask = 2147483647;
			files = (
				51AFED521C9F2A5000AF6670 /* JSZBrowserNavigationBar.swift in Sources */,
				51AFED401C9E4BAE00AF6670 /* ViewController.swift in Sources */,
				51AFED541C9F2A6800AF6670 /* JSZBrowserToolbar.swift in Sources */,
				517924911CA12443004BC7D5 /* JSZActivityViewController.swift in Sources */,
				51AFED561C9F2AAA00AF6670 /* JSZWebView.swift in Sources */,
				51AFED3E1C9E4BAE00AF6670 /* AppDelegate.swift in Sources */,
				51AFED501C9F29D500AF6670 /* JSZBrowserViewController.swift in Sources */,
			);
			runOnlyForDeploymentPostprocessing = 0;
		};
/* End PBXSourcesBuildPhase section */

/* Begin PBXVariantGroup section */
		51AFED411C9E4BAE00AF6670 /* Main.storyboard */ = {
			isa = PBXVariantGroup;
			children = (
				51AFED421C9E4BAE00AF6670 /* Base */,
			);
			name = Main.storyboard;
			sourceTree = "<group>";
		};
		51AFED461C9E4BAE00AF6670 /* LaunchScreen.storyboard */ = {
			isa = PBXVariantGroup;
			children = (
				51AFED471C9E4BAE00AF6670 /* Base */,
			);
			name = LaunchScreen.storyboard;
			sourceTree = "<group>";
		};
/* End PBXVariantGroup section */

/* Begin XCBuildConfiguration section */
		51AFED4A1C9E4BAE00AF6670 /* Debug */ = {
			isa = XCBuildConfiguration;
			buildSettings = {
				ALWAYS_SEARCH_USER_PATHS = NO;
				CLANG_CXX_LANGUAGE_STANDARD = "gnu++0x";
				CLANG_CXX_LIBRARY = "libc++";
				CLANG_ENABLE_MODULES = YES;
				CLANG_ENABLE_OBJC_ARC = YES;
				CLANG_WARN_BOOL_CONVERSION = YES;
				CLANG_WARN_CONSTANT_CONVERSION = YES;
				CLANG_WARN_DIRECT_OBJC_ISA_USAGE = YES_ERROR;
				CLANG_WARN_EMPTY_BODY = YES;
				CLANG_WARN_ENUM_CONVERSION = YES;
				CLANG_WARN_INT_CONVERSION = YES;
				CLANG_WARN_OBJC_ROOT_CLASS = YES_ERROR;
				CLANG_WARN_UNREACHABLE_CODE = YES;
				CLANG_WARN__DUPLICATE_METHOD_MATCH = YES;
				"CODE_SIGN_IDENTITY[sdk=iphoneos*]" = "iPhone Developer";
				COPY_PHASE_STRIP = NO;
				DEBUG_INFORMATION_FORMAT = dwarf;
				ENABLE_STRICT_OBJC_MSGSEND = YES;
				ENABLE_TESTABILITY = YES;
				GCC_C_LANGUAGE_STANDARD = gnu99;
				GCC_DYNAMIC_NO_PIC = NO;
				GCC_NO_COMMON_BLOCKS = YES;
				GCC_OPTIMIZATION_LEVEL = 0;
				GCC_PREPROCESSOR_DEFINITIONS = (
					"DEBUG=1",
					"$(inherited)",
				);
				GCC_WARN_64_TO_32_BIT_CONVERSION = YES;
				GCC_WARN_ABOUT_RETURN_TYPE = YES_ERROR;
				GCC_WARN_UNDECLARED_SELECTOR = YES;
				GCC_WARN_UNINITIALIZED_AUTOS = YES_AGGRESSIVE;
				GCC_WARN_UNUSED_FUNCTION = YES;
				GCC_WARN_UNUSED_VARIABLE = YES;
				IPHONEOS_DEPLOYMENT_TARGET = 9.2;
				MTL_ENABLE_DEBUG_INFO = YES;
				ONLY_ACTIVE_ARCH = YES;
				SDKROOT = iphoneos;
				SWIFT_OPTIMIZATION_LEVEL = "-Onone";
				TARGETED_DEVICE_FAMILY = "1,2";
			};
			name = Debug;
		};
		51AFED4B1C9E4BAE00AF6670 /* Release */ = {
			isa = XCBuildConfiguration;
			buildSettings = {
				ALWAYS_SEARCH_USER_PATHS = NO;
				CLANG_CXX_LANGUAGE_STANDARD = "gnu++0x";
				CLANG_CXX_LIBRARY = "libc++";
				CLANG_ENABLE_MODULES = YES;
				CLANG_ENABLE_OBJC_ARC = YES;
				CLANG_WARN_BOOL_CONVERSION = YES;
				CLANG_WARN_CONSTANT_CONVERSION = YES;
				CLANG_WARN_DIRECT_OBJC_ISA_USAGE = YES_ERROR;
				CLANG_WARN_EMPTY_BODY = YES;
				CLANG_WARN_ENUM_CONVERSION = YES;
				CLANG_WARN_INT_CONVERSION = YES;
				CLANG_WARN_OBJC_ROOT_CLASS = YES_ERROR;
				CLANG_WARN_UNREACHABLE_CODE = YES;
				CLANG_WARN__DUPLICATE_METHOD_MATCH = YES;
				"CODE_SIGN_IDENTITY[sdk=iphoneos*]" = "iPhone Developer";
				COPY_PHASE_STRIP = NO;
				DEBUG_INFORMATION_FORMAT = "dwarf-with-dsym";
				ENABLE_NS_ASSERTIONS = NO;
				ENABLE_STRICT_OBJC_MSGSEND = YES;
				GCC_C_LANGUAGE_STANDARD = gnu99;
				GCC_NO_COMMON_BLOCKS = YES;
				GCC_WARN_64_TO_32_BIT_CONVERSION = YES;
				GCC_WARN_ABOUT_RETURN_TYPE = YES_ERROR;
				GCC_WARN_UNDECLARED_SELECTOR = YES;
				GCC_WARN_UNINITIALIZED_AUTOS = YES_AGGRESSIVE;
				GCC_WARN_UNUSED_FUNCTION = YES;
				GCC_WARN_UNUSED_VARIABLE = YES;
				IPHONEOS_DEPLOYMENT_TARGET = 9.2;
				MTL_ENABLE_DEBUG_INFO = NO;
				SDKROOT = iphoneos;
				TARGETED_DEVICE_FAMILY = "1,2";
				VALIDATE_PRODUCT = YES;
			};
			name = Release;
		};
		51AFED4D1C9E4BAE00AF6670 /* Debug */ = {
			isa = XCBuildConfiguration;
			buildSettings = {
				ASSETCATALOG_COMPILER_APPICON_NAME = AppIcon;
				INFOPLIST_FILE = AwakeBrowser/Info.plist;
				LD_RUNPATH_SEARCH_PATHS = "$(inherited) @executable_path/Frameworks";
				PRODUCT_BUNDLE_IDENTIFIER = stanera.AwakeBrowser;
				PRODUCT_NAME = "$(TARGET_NAME)";
			};
			name = Debug;
		};
		51AFED4E1C9E4BAE00AF6670 /* Release */ = {
			isa = XCBuildConfiguration;
			buildSettings = {
				ASSETCATALOG_COMPILER_APPICON_NAME = AppIcon;
				INFOPLIST_FILE = AwakeBrowser/Info.plist;
				LD_RUNPATH_SEARCH_PATHS = "$(inherited) @executable_path/Frameworks";
				PRODUCT_BUNDLE_IDENTIFIER = stanera.AwakeBrowser;
				PRODUCT_NAME = "$(TARGET_NAME)";
			};
			name = Release;
		};
/* End XCBuildConfiguration section */

/* Begin XCConfigurationList section */
		51AFED351C9E4BAE00AF6670 /* Build configuration list for PBXProject "AwakeBrowser" */ = {
			isa = XCConfigurationList;
			buildConfigurations = (
				51AFED4A1C9E4BAE00AF6670 /* Debug */,
				51AFED4B1C9E4BAE00AF6670 /* Release */,
			);
			defaultConfigurationIsVisible = 0;
			defaultConfigurationName = Release;
		};
		51AFED4C1C9E4BAE00AF6670 /* Build configuration list for PBXNativeTarget "AwakeBrowser" */ = {
			isa = XCConfigurationList;
			buildConfigurations = (
				51AFED4D1C9E4BAE00AF6670 /* Debug */,
				51AFED4E1C9E4BAE00AF6670 /* Release */,
			);
			defaultConfigurationIsVisible = 0;
			defaultConfigurationName = Release;
		};
/* End XCConfigurationList section */
	};
	rootObject = 51AFED321C9E4BAE00AF6670 /* Project object */;
}
