// !$*UTF8*$!
{
	archiveVersion = 1;
	classes = {
	};
	objectVersion = 46;
	objects = {

/* Begin PBXBuildFile section */
		51AFECF91C9E439500AF6670 /* main.m in Sources */ = {isa = PBXBuildFile; fileRef = 51AFECF81C9E439500AF6670 /* main.m */; };
		51AFECFC1C9E439600AF6670 /* AppDelegate.m in Sources */ = {isa = PBXBuildFile; fileRef = 51AFECFB1C9E439600AF6670 /* AppDelegate.m */; };
		51AFECFF1C9E439600AF6670 /* ViewController.m in Sources */ = {isa = PBXBuildFile; fileRef = 51AFECFE1C9E439600AF6670 /* ViewController.m */; };
		51AFED021C9E439600AF6670 /* Main.storyboard in Resources */ = {isa = PBXBuildFile; fileRef = 51AFED001C9E439600AF6670 /* Main.storyboard */; };
		51AFED041C9E439600AF6670 /* Assets.xcassets in Resources */ = {isa = PBXBuildFile; fileRef = 51AFED031C9E439600AF6670 /* Assets.xcassets */; };
		51AFED071C9E439600AF6670 /* LaunchScreen.storyboard in Resources */ = {isa = PBXBuildFile; fileRef = 51AFED051C9E439600AF6670 /* LaunchScreen.storyboard */; };
/* End PBXBuildFile section */

/* Begin PBXFileReference section */
		51AFECF41C9E439500AF6670 /* AwakeBrowser.app */ = {isa = PBXFileReference; explicitFileType = wrapper.application; includeInIndex = 0; path = AwakeBrowser.app; sourceTree = BUILT_PRODUCTS_DIR; };
		51AFECF81C9E439500AF6670 /* main.m */ = {isa = PBXFileReference; lastKnownFileType = sourcecode.c.objc; path = main.m; sourceTree = "<group>"; };
		51AFECFA1C9E439600AF6670 /* AppDelegate.h */ = {isa = PBXFileReference; lastKnownFileType = sourcecode.c.h; path = AppDelegate.h; sourceTree = "<group>"; };
		51AFECFB1C9E439600AF6670 /* AppDelegate.m */ = {isa = PBXFileReference; lastKnownFileType = sourcecode.c.objc; path = AppDelegate.m; sourceTree = "<group>"; };
		51AFECFD1C9E439600AF6670 /* ViewController.h */ = {isa = PBXFileReference; lastKnownFileType = sourcecode.c.h; path = ViewController.h; sourceTree = "<group>"; };
		51AFECFE1C9E439600AF6670 /* ViewController.m */ = {isa = PBXFileReference; lastKnownFileType = sourcecode.c.objc; path = ViewController.m; sourceTree = "<group>"; };
		51AFED011C9E439600AF6670 /* Base */ = {isa = PBXFileReference; lastKnownFileType = file.storyboard; name = Base; path = Base.lproj/Main.storyboard; sourceTree = "<group>"; };
		51AFED031C9E439600AF6670 /* Assets.xcassets */ = {isa = PBXFileReference; lastKnownFileType = folder.assetcatalog; path = Assets.xcassets; sourceTree = "<group>"; };
		51AFED061C9E439600AF6670 /* Base */ = {isa = PBXFileReference; lastKnownFileType = file.storyboard; name = Base; path = Base.lproj/LaunchScreen.storyboard; sourceTree = "<group>"; };
		51AFED081C9E439600AF6670 /* Info.plist */ = {isa = PBXFileReference; lastKnownFileType = text.plist.xml; path = Info.plist; sourceTree = "<group>"; };
/* End PBXFileReference section */

/* Begin PBXFrameworksBuildPhase section */
		51AFECF11C9E439500AF6670 /* Frameworks */ = {
			isa = PBXFrameworksBuildPhase;
			buildActionMask = 2147483647;
			files = (
			);
			runOnlyForDeploymentPostprocessing = 0;
		};
/* End PBXFrameworksBuildPhase section */

/* Begin PBXGroup section */
		51AFECEB1C9E439500AF6670 = {
			isa = PBXGroup;
			children = (
				51AFECF61C9E439500AF6670 /* AwakeBrowser */,
				51AFECF51C9E439500AF6670 /* Products */,
			);
			sourceTree = "<group>";
		};
		51AFECF51C9E439500AF6670 /* Products */ = {
			isa = PBXGroup;
			children = (
				51AFECF41C9E439500AF6670 /* AwakeBrowser.app */,
			);
			name = Products;
			sourceTree = "<group>";
		};
		51AFECF61C9E439500AF6670 /* AwakeBrowser */ = {
			isa = PBXGroup;
			children = (
				51AFECFA1C9E439600AF6670 /* AppDelegate.h */,
				51AFECFB1C9E439600AF6670 /* AppDelegate.m */,
				51AFECFD1C9E439600AF6670 /* ViewController.h */,
				51AFECFE1C9E439600AF6670 /* ViewController.m */,
				51AFED001C9E439600AF6670 /* Main.storyboard */,
				51AFED031C9E439600AF6670 /* Assets.xcassets */,
				51AFED051C9E439600AF6670 /* LaunchScreen.storyboard */,
				51AFED081C9E439600AF6670 /* Info.plist */,
				51AFECF71C9E439500AF6670 /* Supporting Files */,
			);
			path = AwakeBrowser;
			sourceTree = "<group>";
		};
		51AFECF71C9E439500AF6670 /* Supporting Files */ = {
			isa = PBXGroup;
			children = (
				51AFECF81C9E439500AF6670 /* main.m */,
			);
			name = "Supporting Files";
			sourceTree = "<group>";
		};
/* End PBXGroup section */

/* Begin PBXNativeTarget section */
		51AFECF31C9E439500AF6670 /* AwakeBrowser */ = {
			isa = PBXNativeTarget;
			buildConfigurationList = 51AFED0B1C9E439600AF6670 /* Build configuration list for PBXNativeTarget "AwakeBrowser" */;
			buildPhases = (
				51AFECF01C9E439500AF6670 /* Sources */,
				51AFECF11C9E439500AF6670 /* Frameworks */,
				51AFECF21C9E439500AF6670 /* Resources */,
			);
			buildRules = (
			);
			dependencies = (
			);
			name = AwakeBrowser;
			productName = AwakeBrowser;
			productReference = 51AFECF41C9E439500AF6670 /* AwakeBrowser.app */;
			productType = "com.apple.product-type.application";
		};
/* End PBXNativeTarget section */

/* Begin PBXProject section */
		51AFECEC1C9E439500AF6670 /* Project object */ = {
			isa = PBXProject;
			attributes = {
				LastUpgradeCheck = 0720;
				ORGANIZATIONNAME = "Jordan Zucker";
				TargetAttributes = {
					51AFECF31C9E439500AF6670 = {
						CreatedOnToolsVersion = 7.2.1;
					};
				};
			};
			buildConfigurationList = 51AFECEF1C9E439500AF6670 /* Build configuration list for PBXProject "AwakeBrowser" */;
			compatibilityVersion = "Xcode 3.2";
			developmentRegion = English;
			hasScannedForEncodings = 0;
			knownRegions = (
				en,
				Base,
			);
			mainGroup = 51AFECEB1C9E439500AF6670;
			productRefGroup = 51AFECF51C9E439500AF6670 /* Products */;
			projectDirPath = "";
			projectRoot = "";
			targets = (
				51AFECF31C9E439500AF6670 /* AwakeBrowser */,
			);
		};
/* End PBXProject section */

/* Begin PBXResourcesBuildPhase section */
		51AFECF21C9E439500AF6670 /* Resources */ = {
			isa = PBXResourcesBuildPhase;
			buildActionMask = 2147483647;
			files = (
				51AFED071C9E439600AF6670 /* LaunchScreen.storyboard in Resources */,
				51AFED041C9E439600AF6670 /* Assets.xcassets in Resources */,
				51AFED021C9E439600AF6670 /* Main.storyboard in Resources */,
			);
			runOnlyForDeploymentPostprocessing = 0;
		};
/* End PBXResourcesBuildPhase section */

/* Begin PBXSourcesBuildPhase section */
		51AFECF01C9E439500AF6670 /* Sources */ = {
			isa = PBXSourcesBuildPhase;
			buildActionMask = 2147483647;
			files = (
				51AFECFF1C9E439600AF6670 /* ViewController.m in Sources */,
				51AFECFC1C9E439600AF6670 /* AppDelegate.m in Sources */,
				51AFECF91C9E439500AF6670 /* main.m in Sources */,
			);
			runOnlyForDeploymentPostprocessing = 0;
		};
/* End PBXSourcesBuildPhase section */

/* Begin PBXVariantGroup section */
		51AFED001C9E439600AF6670 /* Main.storyboard */ = {
			isa = PBXVariantGroup;
			children = (
				51AFED011C9E439600AF6670 /* Base */,
			);
			name = Main.storyboard;
			sourceTree = "<group>";
		};
		51AFED051C9E439600AF6670 /* LaunchScreen.storyboard */ = {
			isa = PBXVariantGroup;
			children = (
				51AFED061C9E439600AF6670 /* Base */,
			);
			name = LaunchScreen.storyboard;
			sourceTree = "<group>";
		};
/* End PBXVariantGroup section */

/* Begin XCBuildConfiguration section */
		51AFED091C9E439600AF6670 /* Debug */ = {
			isa = XCBuildConfiguration;
			buildSettings = {
				ALWAYS_SEARCH_USER_PATHS = NO;
				CLANG_CXX_LANGUAGE_STANDARD = "gnu++0x";
				CLANG_CXX_LIBRARY = "libc++";
				CLANG_ENABLE_MODULES = YES;
				CLANG_ENABLE_OBJC_ARC = YES;
				CLANG_WARN_BOOL_CONVERSION = YES;
				CLANG_WARN_CONSTANT_CONVERSION = YES;
				CLANG_WARN_DIRECT_OBJC_ISA_USAGE = YES_ERROR;
				CLANG_WARN_EMPTY_BODY = YES;
				CLANG_WARN_ENUM_CONVERSION = YES;
				CLANG_WARN_INT_CONVERSION = YES;
				CLANG_WARN_OBJC_ROOT_CLASS = YES_ERROR;
				CLANG_WARN_UNREACHABLE_CODE = YES;
				CLANG_WARN__DUPLICATE_METHOD_MATCH = YES;
				"CODE_SIGN_IDENTITY[sdk=iphoneos*]" = "iPhone Developer";
				COPY_PHASE_STRIP = NO;
				DEBUG_INFORMATION_FORMAT = dwarf;
				ENABLE_STRICT_OBJC_MSGSEND = YES;
				ENABLE_TESTABILITY = YES;
				GCC_C_LANGUAGE_STANDARD = gnu99;
				GCC_DYNAMIC_NO_PIC = NO;
				GCC_NO_COMMON_BLOCKS = YES;
				GCC_OPTIMIZATION_LEVEL = 0;
				GCC_PREPROCESSOR_DEFINITIONS = (
					"DEBUG=1",
					"$(inherited)",
				);
				GCC_WARN_64_TO_32_BIT_CONVERSION = YES;
				GCC_WARN_ABOUT_RETURN_TYPE = YES_ERROR;
				GCC_WARN_UNDECLARED_SELECTOR = YES;
				GCC_WARN_UNINITIALIZED_AUTOS = YES_AGGRESSIVE;
				GCC_WARN_UNUSED_FUNCTION = YES;
				GCC_WARN_UNUSED_VARIABLE = YES;
				IPHONEOS_DEPLOYMENT_TARGET = 9.2;
				MTL_ENABLE_DEBUG_INFO = YES;
				ONLY_ACTIVE_ARCH = YES;
				SDKROOT = iphoneos;
				TARGETED_DEVICE_FAMILY = "1,2";
			};
			name = Debug;
		};
		51AFED0A1C9E439600AF6670 /* Release */ = {
			isa = XCBuildConfiguration;
			buildSettings = {
				ALWAYS_SEARCH_USER_PATHS = NO;
				CLANG_CXX_LANGUAGE_STANDARD = "gnu++0x";
				CLANG_CXX_LIBRARY = "libc++";
				CLANG_ENABLE_MODULES = YES;
				CLANG_ENABLE_OBJC_ARC = YES;
				CLANG_WARN_BOOL_CONVERSION = YES;
				CLANG_WARN_CONSTANT_CONVERSION = YES;
				CLANG_WARN_DIRECT_OBJC_ISA_USAGE = YES_ERROR;
				CLANG_WARN_EMPTY_BODY = YES;
				CLANG_WARN_ENUM_CONVERSION = YES;
				CLANG_WARN_INT_CONVERSION = YES;
				CLANG_WARN_OBJC_ROOT_CLASS = YES_ERROR;
				CLANG_WARN_UNREACHABLE_CODE = YES;
				CLANG_WARN__DUPLICATE_METHOD_MATCH = YES;
				"CODE_SIGN_IDENTITY[sdk=iphoneos*]" = "iPhone Developer";
				COPY_PHASE_STRIP = NO;
				DEBUG_INFORMATION_FORMAT = "dwarf-with-dsym";
				ENABLE_NS_ASSERTIONS = NO;
				ENABLE_STRICT_OBJC_MSGSEND = YES;
				GCC_C_LANGUAGE_STANDARD = gnu99;
				GCC_NO_COMMON_BLOCKS = YES;
				GCC_WARN_64_TO_32_BIT_CONVERSION = YES;
				GCC_WARN_ABOUT_RETURN_TYPE = YES_ERROR;
				GCC_WARN_UNDECLARED_SELECTOR = YES;
				GCC_WARN_UNINITIALIZED_AUTOS = YES_AGGRESSIVE;
				GCC_WARN_UNUSED_FUNCTION = YES;
				GCC_WARN_UNUSED_VARIABLE = YES;
				IPHONEOS_DEPLOYMENT_TARGET = 9.2;
				MTL_ENABLE_DEBUG_INFO = NO;
				SDKROOT = iphoneos;
				TARGETED_DEVICE_FAMILY = "1,2";
				VALIDATE_PRODUCT = YES;
			};
			name = Release;
		};
		51AFED0C1C9E439600AF6670 /* Debug */ = {
			isa = XCBuildConfiguration;
			buildSettings = {
				ASSETCATALOG_COMPILER_APPICON_NAME = AppIcon;
				INFOPLIST_FILE = AwakeBrowser/Info.plist;
				LD_RUNPATH_SEARCH_PATHS = "$(inherited) @executable_path/Frameworks";
				PRODUCT_BUNDLE_IDENTIFIER = stanera.AwakeBrowser;
				PRODUCT_NAME = "$(TARGET_NAME)";
			};
			name = Debug;
		};
		51AFED0D1C9E439600AF6670 /* Release */ = {
			isa = XCBuildConfiguration;
			buildSettings = {
				ASSETCATALOG_COMPILER_APPICON_NAME = AppIcon;
				INFOPLIST_FILE = AwakeBrowser/Info.plist;
				LD_RUNPATH_SEARCH_PATHS = "$(inherited) @executable_path/Frameworks";
				PRODUCT_BUNDLE_IDENTIFIER = stanera.AwakeBrowser;
				PRODUCT_NAME = "$(TARGET_NAME)";
			};
			name = Release;
		};
/* End XCBuildConfiguration section */

/* Begin XCConfigurationList section */
		51AFECEF1C9E439500AF6670 /* Build configuration list for PBXProject "AwakeBrowser" */ = {
			isa = XCConfigurationList;
			buildConfigurations = (
				51AFED091C9E439600AF6670 /* Debug */,
				51AFED0A1C9E439600AF6670 /* Release */,
			);
			defaultConfigurationIsVisible = 0;
			defaultConfigurationName = Release;
		};
		51AFED0B1C9E439600AF6670 /* Build configuration list for PBXNativeTarget "AwakeBrowser" */ = {
			isa = XCConfigurationList;
			buildConfigurations = (
				51AFED0C1C9E439600AF6670 /* Debug */,
				51AFED0D1C9E439600AF6670 /* Release */,
			);
			defaultConfigurationIsVisible = 0;
		};
/* End XCConfigurationList section */
	};
	rootObject = 51AFECEC1C9E439500AF6670 /* Project object */;
}
